PODS:
  - AFNetworking (3.1.0):
    - AFNetworking/NSURLSession (= 3.1.0)
    - AFNetworking/Reachability (= 3.1.0)
    - AFNetworking/Security (= 3.1.0)
    - AFNetworking/Serialization (= 3.1.0)
    - AFNetworking/UIKit (= 3.1.0)
  - AFNetworking/NSURLSession (3.1.0):
    - AFNetworking/Reachability
    - AFNetworking/Security
    - AFNetworking/Serialization
  - AFNetworking/Reachability (3.1.0)
  - AFNetworking/Security (3.1.0)
  - AFNetworking/Serialization (3.1.0)
  - AFNetworking/UIKit (3.1.0):
    - AFNetworking/NSURLSession
  - CDCommon (1.0.3):
    - CDCommon/Category (= 1.0.3)
    - CDCommon/Frame (= 1.0.3)
    - CDCommon/ImageTool (= 1.0.3)
  - CDCommon/Category (1.0.3)
  - CDCommon/Frame (1.0.3)
  - CDCommon/ImageTool (1.0.3)
  - HappyDNS (0.3.12)
  - IQKeyboardManager (4.0.13)
  - Masonry (1.0.2)
  - MJExtension (3.0.13)
  - MJRefresh (3.1.12)
  - NBHTTP (3.0.1):
    - AFNetworking (= 3.1.0)
  - Qiniu (7.1.4):
    - AFNetworking (~> 3)
    - HappyDNS (~> 0.3)
  - RTRootNavigationController (0.5.26):
    - RTRootNavigationController/Core (= 0.5.26)
  - RTRootNavigationController/Core (0.5.26)
  - SDWebImage (3.8.2):
    - SDWebImage/Core (= 3.8.2)
  - SDWebImage/Core (3.8.2)
  - SVProgressHUD (2.2)
  - ZHMerchant (0.0.2):
    - AFNetworking (= 3.1.0)
    - CDCommon
    - IQKeyboardManager (= 4.0.13)
    - Masonry (= 1.0.2)
    - MJExtension (= 3.0.13)
    - MJRefresh (= 3.1.12)
    - NBHTTP (= 3.0.1)
    - Qiniu (= 7.1.4)
    - RTRootNavigationController (= 0.5.26)
    - SDWebImage (= 3.8.2)
    - SVProgressHUD (= 2.2.0)

DEPENDENCIES:
  - ZHMerchant (from `../ZHB/ZHMerchant.podspec`)

EXTERNAL SOURCES:
  ZHMerchant:
    :podspec: "../ZHB/ZHMerchant.podspec"

CHECKOUT OPTIONS:
  ZHMerchant:
    :commit: 58de61403d46f8e57cb8d94cdcc5ce4d46b6f692
    :git: "/Users/tianlei/Desktop/ZH2/ZHB"

SPEC CHECKSUMS:
  AFNetworking: 5e0e199f73d8626b11e79750991f5d173d1f8b67
  CDCommon: 3551a469e0787c1c7ffdb8d2e2ba912747b903a1
  HappyDNS: 691a3041128055d09866f86e6e9ca90f24da1f18
  IQKeyboardManager: 8eab4d8111418414619d1df8e4779ce5d0f8d7e2
  Masonry: 7c429b56da9d4ee0bbb3ed77a5ea710d6a5df39e
  MJExtension: 5932755f451458eefa24239358817f8d291240c7
  MJRefresh: b96cdb21c4aa75a7b07654311ab2f315c497e806
  NBHTTP: 4860b4121d8ace11c489b957a1b3333c52bac228
  Qiniu: a4c962782035ee25b9da3e195181d8c384bb75be
  RTRootNavigationController: 153e538439fa20faec706019b04375f6c6fabeb6
  SDWebImage: '098e97e6176540799c27e804c96653ee0833d13c'
  SVProgressHUD: 3f37f3409ddb15f35c99315ae7dc33c474aa3256
  ZHMerchant: d51676acb5296d0de0cb8a4c993bda3865acf07f

PODFILE CHECKSUM: ddb89a73d5b45aca0e0003d93360984b8f37f0a9

COCOAPODS: 1.2.1
